
Microsoft Visual Studio Solution File, Format Version 12.00
# Visual Studio Version 17
VisualStudioVersion = 17.0.32002.185
MinimumVisualStudioVersion = 10.0.40219.1
Project("{FAE04EC0-301F-11D3-BF4B-00C04F79EFBC}") = "DataApp", "DataApp.csproj", "{D894F56C-7F8C-4485-917E-9DE3D7CAA96D}"
EndProject
Global
	GlobalSection(SolutionConfigurationPlatforms) = preSolution
		Debug|Any CPU = Debug|Any CPU
		Release|Any CPU = Release|Any CPU
	EndGlobalSection
	GlobalSection(ProjectConfigurationPlatforms) = postSolution
		{D894F56C-7F8C-4485-917E-9DE3D7CAA96D}.Debug|Any CPU.ActiveCfg = Debug|Any CPU
		{D894F56C-7F8C-4485-917E-9DE3D7CAA96D}.Debug|Any CPU.Build.0 = Debug|Any CPU
		{D894F56C-7F8C-4485-917E-9DE3D7CAA96D}.Release|Any CPU.ActiveCfg = Release|Any CPU
		{D894F56C-7F8C-4485-917E-9DE3D7CAA96D}.Release|Any CPU.Build.0 = Release|Any CPU
	EndGlobalSection
	GlobalSection(SolutionProperties) = preSolution
		HideSolutionNode = FALSE
	EndGlobalSection
	GlobalSection(ExtensibilityGlobals) = postSolution
		SolutionGuid = {11AA4614-E92B-45C4-91DE-CD9E26A6A360}
	EndGlobalSection
EndGlobal
